PODS:
  - AFNetworking (3.1.0):
    - AFNetworking/NSURLSession (= 3.1.0)
    - AFNetworking/Reachability (= 3.1.0)
    - AFNetworking/Security (= 3.1.0)
    - AFNetworking/Serialization (= 3.1.0)
    - AFNetworking/UIKit (= 3.1.0)
  - AFNetworking/NSURLSession (3.1.0):
    - AFNetworking/Reachability
    - AFNetworking/Security
    - AFNetworking/Serialization
  - AFNetworking/Reachability (3.1.0)
  - AFNetworking/Security (3.1.0)
  - AFNetworking/Serialization (3.1.0)
  - AFNetworking/UIKit (3.1.0):
    - AFNetworking/NSURLSession
  - HappyDNS (0.3.10)
  - PreDemObjc (1.0.0):
    - HappyDNS
    - PreDemObjc/no-arc (= 1.0.0)
    - Qiniu
    - QNNetDiag
  - PreDemObjc/no-arc (1.0.0):
    - HappyDNS
    - Qiniu
    - QNNetDiag
  - Qiniu (7.1.6):
    - AFNetworking (~> 3)
    - HappyDNS (~> 0.3)
  - QNNetDiag (0.0.4)

DEPENDENCIES:
  - PreDemObjc (from `../`)

EXTERNAL SOURCES:
  PreDemObjc:
    :path: ../

SPEC CHECKSUMS:
  AFNetworking: 5e0e199f73d8626b11e79750991f5d173d1f8b67
  HappyDNS: 06a9fed2796663fd87626dbf02552933265bf059
  PreDemObjc: f310a95b26b437c91721f3c361d7ad9374554928
  Qiniu: 8af94ce9b1611ed5f4350883e41d4a62cabad491
  QNNetDiag: f38e43c4f89aef14c1cc6b474a41e07bbe8b2820

PODFILE CHECKSUM: 3cfeeea56b219ca54c5b4caf2cc0b81dccb4115c

COCOAPODS: 1.2.1
