PODS:
  - HappyDNS (0.3.10)
  - PreSniffObjc (1.0.0):
    - HappyDNS
    - QNNetDiag
  - QNNetDiag (0.0.4)

DEPENDENCIES:
  - PreSniffObjc (from `../`)

EXTERNAL SOURCES:
  PreSniffObjc:
    :path: "../"

SPEC CHECKSUMS:
  HappyDNS: 06a9fed2796663fd87626dbf02552933265bf059
  PreSniffObjc: 718d0afe0f4432a699313fe330e5b1dc1bf35984
  QNNetDiag: f38e43c4f89aef14c1cc6b474a41e07bbe8b2820

PODFILE CHECKSUM: 528050cb8bdcd2cceaa0a91367139dff4aec0344

COCOAPODS: 1.2.1
