PODS:
  - HappyDNS (0.3.10)
  - PreSniffObjc (1.0.0):
    - HappyDNS

DEPENDENCIES:
  - PreSniffObjc (from `../`)

EXTERNAL SOURCES:
  PreSniffObjc:
    :path: "../"

SPEC CHECKSUMS:
  HappyDNS: 06a9fed2796663fd87626dbf02552933265bf059
  PreSniffObjc: debd9ac58c1bd52253ea57da474b0ca710832990

PODFILE CHECKSUM: 4008a0823342f0f2895114b5fed84595f0efb9c9

COCOAPODS: 1.2.1
