// !$*UTF8*$!
{
	archiveVersion = 1;
	classes = {
	};
	objectVersion = 46;
	objects = {

/* Begin PBXBuildFile section */
		62F62D4E8686211147CFAA48 /* libPods-PreSniffObjcDemo.a in Frameworks */ = {isa = PBXBuildFile; fileRef = BBAB5C53425E36F9ABF19D45 /* libPods-PreSniffObjcDemo.a */; };
		B60231491EC9B7AC005AB798 /* main.m in Sources */ = {isa = PBXBuildFile; fileRef = B60231481EC9B7AC005AB798 /* main.m */; };
		B602314C1EC9B7AC005AB798 /* AppDelegate.m in Sources */ = {isa = PBXBuildFile; fileRef = B602314B1EC9B7AC005AB798 /* AppDelegate.m */; };
		B602314F1EC9B7AC005AB798 /* ViewController.m in Sources */ = {isa = PBXBuildFile; fileRef = B602314E1EC9B7AC005AB798 /* ViewController.m */; };
		B60231521EC9B7AC005AB798 /* Main.storyboard in Resources */ = {isa = PBXBuildFile; fileRef = B60231501EC9B7AC005AB798 /* Main.storyboard */; };
		B60231541EC9B7AC005AB798 /* Assets.xcassets in Resources */ = {isa = PBXBuildFile; fileRef = B60231531EC9B7AC005AB798 /* Assets.xcassets */; };
		B60231571EC9B7AC005AB798 /* LaunchScreen.storyboard in Resources */ = {isa = PBXBuildFile; fileRef = B60231551EC9B7AC005AB798 /* LaunchScreen.storyboard */; };
		B6383AB11ECAA6D400B67A7E /* PreSniffObjc.podspec in Resources */ = {isa = PBXBuildFile; fileRef = B6383AB01ECAA6D400B67A7E /* PreSniffObjc.podspec */; };
		B6548F391ECB0C7E0031DD42 /* PreSniffObjcDemoTests.m in Sources */ = {isa = PBXBuildFile; fileRef = B6548F381ECB0C7E0031DD42 /* PreSniffObjcDemoTests.m */; };
/* End PBXBuildFile section */

/* Begin PBXContainerItemProxy section */
		B6548F3B1ECB0C7E0031DD42 /* PBXContainerItemProxy */ = {
			isa = PBXContainerItemProxy;
			containerPortal = B602313C1EC9B7AC005AB798 /* Project object */;
			proxyType = 1;
			remoteGlobalIDString = B60231431EC9B7AC005AB798;
			remoteInfo = PreSniffObjcDemo;
		};
/* End PBXContainerItemProxy section */

/* Begin PBXFileReference section */
		B60231441EC9B7AC005AB798 /* PreSniffObjcDemo.app */ = {isa = PBXFileReference; explicitFileType = wrapper.application; includeInIndex = 0; path = PreSniffObjcDemo.app; sourceTree = BUILT_PRODUCTS_DIR; };
		B60231481EC9B7AC005AB798 /* main.m */ = {isa = PBXFileReference; lastKnownFileType = sourcecode.c.objc; path = main.m; sourceTree = "<group>"; };
		B602314A1EC9B7AC005AB798 /* AppDelegate.h */ = {isa = PBXFileReference; lastKnownFileType = sourcecode.c.h; path = AppDelegate.h; sourceTree = "<group>"; };
		B602314B1EC9B7AC005AB798 /* AppDelegate.m */ = {isa = PBXFileReference; lastKnownFileType = sourcecode.c.objc; path = AppDelegate.m; sourceTree = "<group>"; };
		B602314D1EC9B7AC005AB798 /* ViewController.h */ = {isa = PBXFileReference; lastKnownFileType = sourcecode.c.h; path = ViewController.h; sourceTree = "<group>"; };
		B602314E1EC9B7AC005AB798 /* ViewController.m */ = {isa = PBXFileReference; lastKnownFileType = sourcecode.c.objc; path = ViewController.m; sourceTree = "<group>"; };
		B60231511EC9B7AC005AB798 /* Base */ = {isa = PBXFileReference; lastKnownFileType = file.storyboard; name = Base; path = Base.lproj/Main.storyboard; sourceTree = "<group>"; };
		B60231531EC9B7AC005AB798 /* Assets.xcassets */ = {isa = PBXFileReference; lastKnownFileType = folder.assetcatalog; path = Assets.xcassets; sourceTree = "<group>"; };
		B60231561EC9B7AC005AB798 /* Base */ = {isa = PBXFileReference; lastKnownFileType = file.storyboard; name = Base; path = Base.lproj/LaunchScreen.storyboard; sourceTree = "<group>"; };
		B60231581EC9B7AC005AB798 /* Info.plist */ = {isa = PBXFileReference; lastKnownFileType = text.plist.xml; path = Info.plist; sourceTree = "<group>"; };
		B6383AB01ECAA6D400B67A7E /* PreSniffObjc.podspec */ = {isa = PBXFileReference; fileEncoding = 4; lastKnownFileType = text; name = PreSniffObjc.podspec; path = ../PreSniffObjc.podspec; sourceTree = "<group>"; };
		B6548F291ECB05660031DD42 /* Appfile */ = {isa = PBXFileReference; lastKnownFileType = text; path = Appfile; sourceTree = "<group>"; };
		B6548F2A1ECB05660031DD42 /* Fastfile */ = {isa = PBXFileReference; lastKnownFileType = text; path = Fastfile; sourceTree = "<group>"; };
		B6548F2B1ECB05660031DD42 /* qiniu_upload.conf */ = {isa = PBXFileReference; lastKnownFileType = text; path = qiniu_upload.conf; sourceTree = "<group>"; };
		B6548F2C1ECB05660031DD42 /* qshell */ = {isa = PBXFileReference; lastKnownFileType = "compiled.mach-o.executable"; path = qshell; sourceTree = "<group>"; };
		B6548F2D1ECB05660031DD42 /* README.md */ = {isa = PBXFileReference; lastKnownFileType = net.daringfireball.markdown; path = README.md; sourceTree = "<group>"; };
		B6548F2E1ECB05660031DD42 /* Scanfile */ = {isa = PBXFileReference; lastKnownFileType = text; path = Scanfile; sourceTree = "<group>"; };
		B6548F2F1ECB05660031DD42 /* travis.sh */ = {isa = PBXFileReference; lastKnownFileType = text.script.sh; path = travis.sh; sourceTree = "<group>"; };
		B6548F301ECB06710031DD42 /* .travis.yml */ = {isa = PBXFileReference; lastKnownFileType = text; name = .travis.yml; path = ../.travis.yml; sourceTree = "<group>"; };
		B6548F311ECB067C0031DD42 /* .gitignore */ = {isa = PBXFileReference; lastKnownFileType = text; name = .gitignore; path = ../.gitignore; sourceTree = "<group>"; };
		B6548F361ECB0C7E0031DD42 /* PreSniffObjcDemoTests.xctest */ = {isa = PBXFileReference; explicitFileType = wrapper.cfbundle; includeInIndex = 0; path = PreSniffObjcDemoTests.xctest; sourceTree = BUILT_PRODUCTS_DIR; };
		B6548F381ECB0C7E0031DD42 /* PreSniffObjcDemoTests.m */ = {isa = PBXFileReference; lastKnownFileType = sourcecode.c.objc; path = PreSniffObjcDemoTests.m; sourceTree = "<group>"; };
		B6548F3A1ECB0C7E0031DD42 /* Info.plist */ = {isa = PBXFileReference; lastKnownFileType = text.plist.xml; path = Info.plist; sourceTree = "<group>"; };
		BBAB5C53425E36F9ABF19D45 /* libPods-PreSniffObjcDemo.a */ = {isa = PBXFileReference; explicitFileType = archive.ar; includeInIndex = 0; path = "libPods-PreSniffObjcDemo.a"; sourceTree = BUILT_PRODUCTS_DIR; };
		CC2DE1862FAA2D9F0AD22B41 /* Pods-PreSniffObjcDemo.release.xcconfig */ = {isa = PBXFileReference; includeInIndex = 1; lastKnownFileType = text.xcconfig; name = "Pods-PreSniffObjcDemo.release.xcconfig"; path = "Pods/Target Support Files/Pods-PreSniffObjcDemo/Pods-PreSniffObjcDemo.release.xcconfig"; sourceTree = "<group>"; };
		EEA8E066865EF848E9BA43AC /* Pods-PreSniffObjcDemo.debug.xcconfig */ = {isa = PBXFileReference; includeInIndex = 1; lastKnownFileType = text.xcconfig; name = "Pods-PreSniffObjcDemo.debug.xcconfig"; path = "Pods/Target Support Files/Pods-PreSniffObjcDemo/Pods-PreSniffObjcDemo.debug.xcconfig"; sourceTree = "<group>"; };
/* End PBXFileReference section */

/* Begin PBXFrameworksBuildPhase section */
		B60231411EC9B7AC005AB798 /* Frameworks */ = {
			isa = PBXFrameworksBuildPhase;
			buildActionMask = 2147483647;
			files = (
				62F62D4E8686211147CFAA48 /* libPods-PreSniffObjcDemo.a in Frameworks */,
			);
			runOnlyForDeploymentPostprocessing = 0;
		};
		B6548F331ECB0C7E0031DD42 /* Frameworks */ = {
			isa = PBXFrameworksBuildPhase;
			buildActionMask = 2147483647;
			files = (
			);
			runOnlyForDeploymentPostprocessing = 0;
		};
/* End PBXFrameworksBuildPhase section */

/* Begin PBXGroup section */
		873953D5F83C737C48720D4A /* Frameworks */ = {
			isa = PBXGroup;
			children = (
				BBAB5C53425E36F9ABF19D45 /* libPods-PreSniffObjcDemo.a */,
			);
			name = Frameworks;
			sourceTree = "<group>";
		};
		B602313B1EC9B7AC005AB798 = {
			isa = PBXGroup;
			children = (
				B6548F311ECB067C0031DD42 /* .gitignore */,
				B6548F301ECB06710031DD42 /* .travis.yml */,
				B6383AB01ECAA6D400B67A7E /* PreSniffObjc.podspec */,
				B6548F281ECB05660031DD42 /* fastlane */,
				B60231461EC9B7AC005AB798 /* PreSniffObjcDemo */,
				D36C4441D13DB5C7BD3AC3A7 /* Pods */,
				B6548F371ECB0C7E0031DD42 /* PreSniffObjcDemoTests */,
				B60231451EC9B7AC005AB798 /* Products */,
				873953D5F83C737C48720D4A /* Frameworks */,
			);
			sourceTree = "<group>";
		};
		B60231451EC9B7AC005AB798 /* Products */ = {
			isa = PBXGroup;
			children = (
				B60231441EC9B7AC005AB798 /* PreSniffObjcDemo.app */,
				B6548F361ECB0C7E0031DD42 /* PreSniffObjcDemoTests.xctest */,
			);
			name = Products;
			sourceTree = "<group>";
		};
		B60231461EC9B7AC005AB798 /* PreSniffObjcDemo */ = {
			isa = PBXGroup;
			children = (
				B602314A1EC9B7AC005AB798 /* AppDelegate.h */,
				B602314B1EC9B7AC005AB798 /* AppDelegate.m */,
				B602314D1EC9B7AC005AB798 /* ViewController.h */,
				B602314E1EC9B7AC005AB798 /* ViewController.m */,
				B60231501EC9B7AC005AB798 /* Main.storyboard */,
				B60231531EC9B7AC005AB798 /* Assets.xcassets */,
				B60231551EC9B7AC005AB798 /* LaunchScreen.storyboard */,
				B60231581EC9B7AC005AB798 /* Info.plist */,
				B60231471EC9B7AC005AB798 /* Supporting Files */,
			);
			path = PreSniffObjcDemo;
			sourceTree = "<group>";
		};
		B60231471EC9B7AC005AB798 /* Supporting Files */ = {
			isa = PBXGroup;
			children = (
				B60231481EC9B7AC005AB798 /* main.m */,
			);
			name = "Supporting Files";
			sourceTree = "<group>";
		};
		B6548F281ECB05660031DD42 /* fastlane */ = {
			isa = PBXGroup;
			children = (
				B6548F291ECB05660031DD42 /* Appfile */,
				B6548F2A1ECB05660031DD42 /* Fastfile */,
				B6548F2B1ECB05660031DD42 /* qiniu_upload.conf */,
				B6548F2C1ECB05660031DD42 /* qshell */,
				B6548F2D1ECB05660031DD42 /* README.md */,
				B6548F2E1ECB05660031DD42 /* Scanfile */,
				B6548F2F1ECB05660031DD42 /* travis.sh */,
			);
			name = fastlane;
			path = ../fastlane;
			sourceTree = "<group>";
		};
		B6548F371ECB0C7E0031DD42 /* PreSniffObjcDemoTests */ = {
			isa = PBXGroup;
			children = (
				B6548F381ECB0C7E0031DD42 /* PreSniffObjcDemoTests.m */,
				B6548F3A1ECB0C7E0031DD42 /* Info.plist */,
			);
			path = PreSniffObjcDemoTests;
			sourceTree = "<group>";
		};
		D36C4441D13DB5C7BD3AC3A7 /* Pods */ = {
			isa = PBXGroup;
			children = (
				EEA8E066865EF848E9BA43AC /* Pods-PreSniffObjcDemo.debug.xcconfig */,
				CC2DE1862FAA2D9F0AD22B41 /* Pods-PreSniffObjcDemo.release.xcconfig */,
			);
			name = Pods;
			sourceTree = "<group>";
		};
/* End PBXGroup section */

/* Begin PBXNativeTarget section */
		B60231431EC9B7AC005AB798 /* PreSniffObjcDemo */ = {
			isa = PBXNativeTarget;
			buildConfigurationList = B602315B1EC9B7AC005AB798 /* Build configuration list for PBXNativeTarget "PreSniffObjcDemo" */;
			buildPhases = (
				A053052FF5683A5586CBCA8B /* [CP] Check Pods Manifest.lock */,
				B60231401EC9B7AC005AB798 /* Sources */,
				B60231411EC9B7AC005AB798 /* Frameworks */,
				B60231421EC9B7AC005AB798 /* Resources */,
				027BF004E3AE00FE7FFDBC13 /* [CP] Embed Pods Frameworks */,
				B3C044CDD3FBBE430FAFB754 /* [CP] Copy Pods Resources */,
			);
			buildRules = (
			);
			dependencies = (
			);
			name = PreSniffObjcDemo;
			productName = PreSniffObjcDemo;
			productReference = B60231441EC9B7AC005AB798 /* PreSniffObjcDemo.app */;
			productType = "com.apple.product-type.application";
		};
		B6548F351ECB0C7E0031DD42 /* PreSniffObjcDemoTests */ = {
			isa = PBXNativeTarget;
			buildConfigurationList = B6548F3D1ECB0C7E0031DD42 /* Build configuration list for PBXNativeTarget "PreSniffObjcDemoTests" */;
			buildPhases = (
				B6548F321ECB0C7E0031DD42 /* Sources */,
				B6548F331ECB0C7E0031DD42 /* Frameworks */,
				B6548F341ECB0C7E0031DD42 /* Resources */,
			);
			buildRules = (
			);
			dependencies = (
				B6548F3C1ECB0C7E0031DD42 /* PBXTargetDependency */,
			);
			name = PreSniffObjcDemoTests;
			productName = PreSniffObjcDemoTests;
			productReference = B6548F361ECB0C7E0031DD42 /* PreSniffObjcDemoTests.xctest */;
			productType = "com.apple.product-type.bundle.unit-test";
		};
/* End PBXNativeTarget section */

/* Begin PBXProject section */
		B602313C1EC9B7AC005AB798 /* Project object */ = {
			isa = PBXProject;
			attributes = {
				LastUpgradeCheck = 0830;
				ORGANIZATIONNAME = "pre-engineering";
				TargetAttributes = {
					B60231431EC9B7AC005AB798 = {
						CreatedOnToolsVersion = 8.3.2;
						DevelopmentTeam = GDFHW66V92;
						ProvisioningStyle = Automatic;
					};
					B6548F351ECB0C7E0031DD42 = {
						CreatedOnToolsVersion = 8.3.2;
						DevelopmentTeam = GDFHW66V92;
						ProvisioningStyle = Automatic;
						TestTargetID = B60231431EC9B7AC005AB798;
					};
				};
			};
			buildConfigurationList = B602313F1EC9B7AC005AB798 /* Build configuration list for PBXProject "PreSniffObjcDemo" */;
			compatibilityVersion = "Xcode 3.2";
			developmentRegion = English;
			hasScannedForEncodings = 0;
			knownRegions = (
				en,
				Base,
			);
			mainGroup = B602313B1EC9B7AC005AB798;
			productRefGroup = B60231451EC9B7AC005AB798 /* Products */;
			projectDirPath = "";
			projectRoot = "";
			targets = (
				B60231431EC9B7AC005AB798 /* PreSniffObjcDemo */,
				B6548F351ECB0C7E0031DD42 /* PreSniffObjcDemoTests */,
			);
		};
/* End PBXProject section */

/* Begin PBXResourcesBuildPhase section */
		B60231421EC9B7AC005AB798 /* Resources */ = {
			isa = PBXResourcesBuildPhase;
			buildActionMask = 2147483647;
			files = (
				B60231571EC9B7AC005AB798 /* LaunchScreen.storyboard in Resources */,
				B60231541EC9B7AC005AB798 /* Assets.xcassets in Resources */,
				B60231521EC9B7AC005AB798 /* Main.storyboard in Resources */,
				B6383AB11ECAA6D400B67A7E /* PreSniffObjc.podspec in Resources */,
			);
			runOnlyForDeploymentPostprocessing = 0;
		};
		B6548F341ECB0C7E0031DD42 /* Resources */ = {
			isa = PBXResourcesBuildPhase;
			buildActionMask = 2147483647;
			files = (
			);
			runOnlyForDeploymentPostprocessing = 0;
		};
/* End PBXResourcesBuildPhase section */

/* Begin PBXShellScriptBuildPhase section */
		027BF004E3AE00FE7FFDBC13 /* [CP] Embed Pods Frameworks */ = {
			isa = PBXShellScriptBuildPhase;
			buildActionMask = 2147483647;
			files = (
			);
			inputPaths = (
			);
			name = "[CP] Embed Pods Frameworks";
			outputPaths = (
			);
			runOnlyForDeploymentPostprocessing = 0;
			shellPath = /bin/sh;
			shellScript = "\"${SRCROOT}/Pods/Target Support Files/Pods-PreSniffObjcDemo/Pods-PreSniffObjcDemo-frameworks.sh\"\n";
			showEnvVarsInLog = 0;
		};
		A053052FF5683A5586CBCA8B /* [CP] Check Pods Manifest.lock */ = {
			isa = PBXShellScriptBuildPhase;
			buildActionMask = 2147483647;
			files = (
			);
			inputPaths = (
			);
			name = "[CP] Check Pods Manifest.lock";
			outputPaths = (
			);
			runOnlyForDeploymentPostprocessing = 0;
			shellPath = /bin/sh;
			shellScript = "diff \"${PODS_PODFILE_DIR_PATH}/Podfile.lock\" \"${PODS_ROOT}/Manifest.lock\" > /dev/null\nif [ $? != 0 ] ; then\n    # print error to STDERR\n    echo \"error: The sandbox is not in sync with the Podfile.lock. Run 'pod install' or update your CocoaPods installation.\" >&2\n    exit 1\nfi\n";
			showEnvVarsInLog = 0;
		};
		B3C044CDD3FBBE430FAFB754 /* [CP] Copy Pods Resources */ = {
			isa = PBXShellScriptBuildPhase;
			buildActionMask = 2147483647;
			files = (
			);
			inputPaths = (
			);
			name = "[CP] Copy Pods Resources";
			outputPaths = (
			);
			runOnlyForDeploymentPostprocessing = 0;
			shellPath = /bin/sh;
			shellScript = "\"${SRCROOT}/Pods/Target Support Files/Pods-PreSniffObjcDemo/Pods-PreSniffObjcDemo-resources.sh\"\n";
			showEnvVarsInLog = 0;
		};
/* End PBXShellScriptBuildPhase section */

/* Begin PBXSourcesBuildPhase section */
		B60231401EC9B7AC005AB798 /* Sources */ = {
			isa = PBXSourcesBuildPhase;
			buildActionMask = 2147483647;
			files = (
				B602314F1EC9B7AC005AB798 /* ViewController.m in Sources */,
				B602314C1EC9B7AC005AB798 /* AppDelegate.m in Sources */,
				B60231491EC9B7AC005AB798 /* main.m in Sources */,
			);
			runOnlyForDeploymentPostprocessing = 0;
		};
		B6548F321ECB0C7E0031DD42 /* Sources */ = {
			isa = PBXSourcesBuildPhase;
			buildActionMask = 2147483647;
			files = (
				B6548F391ECB0C7E0031DD42 /* PreSniffObjcDemoTests.m in Sources */,
			);
			runOnlyForDeploymentPostprocessing = 0;
		};
/* End PBXSourcesBuildPhase section */

/* Begin PBXTargetDependency section */
		B6548F3C1ECB0C7E0031DD42 /* PBXTargetDependency */ = {
			isa = PBXTargetDependency;
			target = B60231431EC9B7AC005AB798 /* PreSniffObjcDemo */;
			targetProxy = B6548F3B1ECB0C7E0031DD42 /* PBXContainerItemProxy */;
		};
/* End PBXTargetDependency section */

/* Begin PBXVariantGroup section */
		B60231501EC9B7AC005AB798 /* Main.storyboard */ = {
			isa = PBXVariantGroup;
			children = (
				B60231511EC9B7AC005AB798 /* Base */,
			);
			name = Main.storyboard;
			sourceTree = "<group>";
		};
		B60231551EC9B7AC005AB798 /* LaunchScreen.storyboard */ = {
			isa = PBXVariantGroup;
			children = (
				B60231561EC9B7AC005AB798 /* Base */,
			);
			name = LaunchScreen.storyboard;
			sourceTree = "<group>";
		};
/* End PBXVariantGroup section */

/* Begin XCBuildConfiguration section */
		B60231591EC9B7AC005AB798 /* Debug */ = {
			isa = XCBuildConfiguration;
			buildSettings = {
				ALWAYS_SEARCH_USER_PATHS = NO;
				CLANG_ANALYZER_NONNULL = YES;
				CLANG_ANALYZER_NUMBER_OBJECT_CONVERSION = YES_AGGRESSIVE;
				CLANG_CXX_LANGUAGE_STANDARD = "gnu++0x";
				CLANG_CXX_LIBRARY = "libc++";
				CLANG_ENABLE_MODULES = YES;
				CLANG_ENABLE_OBJC_ARC = YES;
				CLANG_WARN_BOOL_CONVERSION = YES;
				CLANG_WARN_CONSTANT_CONVERSION = YES;
				CLANG_WARN_DIRECT_OBJC_ISA_USAGE = YES_ERROR;
				CLANG_WARN_DOCUMENTATION_COMMENTS = YES;
				CLANG_WARN_EMPTY_BODY = YES;
				CLANG_WARN_ENUM_CONVERSION = YES;
				CLANG_WARN_INFINITE_RECURSION = YES;
				CLANG_WARN_INT_CONVERSION = YES;
				CLANG_WARN_OBJC_ROOT_CLASS = YES_ERROR;
				CLANG_WARN_SUSPICIOUS_MOVE = YES;
				CLANG_WARN_UNREACHABLE_CODE = YES;
				CLANG_WARN__DUPLICATE_METHOD_MATCH = YES;
				"CODE_SIGN_IDENTITY[sdk=iphoneos*]" = "iPhone Developer";
				COPY_PHASE_STRIP = NO;
				DEBUG_INFORMATION_FORMAT = dwarf;
				ENABLE_STRICT_OBJC_MSGSEND = YES;
				ENABLE_TESTABILITY = YES;
				GCC_C_LANGUAGE_STANDARD = gnu99;
				GCC_DYNAMIC_NO_PIC = NO;
				GCC_NO_COMMON_BLOCKS = YES;
				GCC_OPTIMIZATION_LEVEL = 0;
				GCC_PREPROCESSOR_DEFINITIONS = (
					"DEBUG=1",
					"$(inherited)",
				);
				GCC_WARN_64_TO_32_BIT_CONVERSION = YES;
				GCC_WARN_ABOUT_RETURN_TYPE = YES_ERROR;
				GCC_WARN_UNDECLARED_SELECTOR = YES;
				GCC_WARN_UNINITIALIZED_AUTOS = YES_AGGRESSIVE;
				GCC_WARN_UNUSED_FUNCTION = YES;
				GCC_WARN_UNUSED_VARIABLE = YES;
				IPHONEOS_DEPLOYMENT_TARGET = 10.3;
				MTL_ENABLE_DEBUG_INFO = YES;
				ONLY_ACTIVE_ARCH = YES;
				SDKROOT = iphoneos;
				TARGETED_DEVICE_FAMILY = "1,2";
			};
			name = Debug;
		};
		B602315A1EC9B7AC005AB798 /* Release */ = {
			isa = XCBuildConfiguration;
			buildSettings = {
				ALWAYS_SEARCH_USER_PATHS = NO;
				CLANG_ANALYZER_NONNULL = YES;
				CLANG_ANALYZER_NUMBER_OBJECT_CONVERSION = YES_AGGRESSIVE;
				CLANG_CXX_LANGUAGE_STANDARD = "gnu++0x";
				CLANG_CXX_LIBRARY = "libc++";
				CLANG_ENABLE_MODULES = YES;
				CLANG_ENABLE_OBJC_ARC = YES;
				CLANG_WARN_BOOL_CONVERSION = YES;
				CLANG_WARN_CONSTANT_CONVERSION = YES;
				CLANG_WARN_DIRECT_OBJC_ISA_USAGE = YES_ERROR;
				CLANG_WARN_DOCUMENTATION_COMMENTS = YES;
				CLANG_WARN_EMPTY_BODY = YES;
				CLANG_WARN_ENUM_CONVERSION = YES;
				CLANG_WARN_INFINITE_RECURSION = YES;
				CLANG_WARN_INT_CONVERSION = YES;
				CLANG_WARN_OBJC_ROOT_CLASS = YES_ERROR;
				CLANG_WARN_SUSPICIOUS_MOVE = YES;
				CLANG_WARN_UNREACHABLE_CODE = YES;
				CLANG_WARN__DUPLICATE_METHOD_MATCH = YES;
				"CODE_SIGN_IDENTITY[sdk=iphoneos*]" = "iPhone Developer";
				COPY_PHASE_STRIP = NO;
				DEBUG_INFORMATION_FORMAT = "dwarf-with-dsym";
				ENABLE_NS_ASSERTIONS = NO;
				ENABLE_STRICT_OBJC_MSGSEND = YES;
				GCC_C_LANGUAGE_STANDARD = gnu99;
				GCC_NO_COMMON_BLOCKS = YES;
				GCC_WARN_64_TO_32_BIT_CONVERSION = YES;
				GCC_WARN_ABOUT_RETURN_TYPE = YES_ERROR;
				GCC_WARN_UNDECLARED_SELECTOR = YES;
				GCC_WARN_UNINITIALIZED_AUTOS = YES_AGGRESSIVE;
				GCC_WARN_UNUSED_FUNCTION = YES;
				GCC_WARN_UNUSED_VARIABLE = YES;
				IPHONEOS_DEPLOYMENT_TARGET = 10.3;
				MTL_ENABLE_DEBUG_INFO = NO;
				SDKROOT = iphoneos;
				TARGETED_DEVICE_FAMILY = "1,2";
				VALIDATE_PRODUCT = YES;
			};
			name = Release;
		};
		B602315C1EC9B7AC005AB798 /* Debug */ = {
			isa = XCBuildConfiguration;
			baseConfigurationReference = EEA8E066865EF848E9BA43AC /* Pods-PreSniffObjcDemo.debug.xcconfig */;
			buildSettings = {
				ASSETCATALOG_COMPILER_APPICON_NAME = AppIcon;
				"CODE_SIGN_IDENTITY[sdk=iphoneos*]" = "iPhone Developer";
				DEVELOPMENT_TEAM = GDFHW66V92;
				FRAMEWORK_SEARCH_PATHS = "$(inherited)";
				HEADER_SEARCH_PATHS = (
					"$(inherited)",
					"\"${PODS_ROOT}/Headers/Public\"",
					"\"${PODS_ROOT}/Headers/Public/HappyDNS\"",
				);
				INFOPLIST_FILE = PreSniffObjcDemo/Info.plist;
				LD_RUNPATH_SEARCH_PATHS = "$(inherited) @executable_path/Frameworks";
				PRODUCT_BUNDLE_IDENTIFIER = "pre-engineering.PreSniffObjcDemo";
				PRODUCT_NAME = "$(TARGET_NAME)";
				PROVISIONING_PROFILE_SPECIFIER = "";
			};
			name = Debug;
		};
		B602315D1EC9B7AC005AB798 /* Release */ = {
			isa = XCBuildConfiguration;
			baseConfigurationReference = CC2DE1862FAA2D9F0AD22B41 /* Pods-PreSniffObjcDemo.release.xcconfig */;
			buildSettings = {
				ASSETCATALOG_COMPILER_APPICON_NAME = AppIcon;
				"CODE_SIGN_IDENTITY[sdk=iphoneos*]" = "iPhone Developer";
				DEVELOPMENT_TEAM = GDFHW66V92;
				HEADER_SEARCH_PATHS = (
					"$(inherited)",
					"\"${PODS_ROOT}/Headers/Public\"",
					"\"${PODS_ROOT}/Headers/Public/HappyDNS\"",
				);
				INFOPLIST_FILE = PreSniffObjcDemo/Info.plist;
				LD_RUNPATH_SEARCH_PATHS = "$(inherited) @executable_path/Frameworks";
				PRODUCT_BUNDLE_IDENTIFIER = "pre-engineering.PreSniffObjcDemo";
				PRODUCT_NAME = "$(TARGET_NAME)";
				PROVISIONING_PROFILE_SPECIFIER = "";
			};
			name = Release;
		};
		B6548F3E1ECB0C7E0031DD42 /* Debug */ = {
			isa = XCBuildConfiguration;
			buildSettings = {
				BUNDLE_LOADER = "$(TEST_HOST)";
				DEVELOPMENT_TEAM = GDFHW66V92;
				INFOPLIST_FILE = PreSniffObjcDemoTests/Info.plist;
				LD_RUNPATH_SEARCH_PATHS = "$(inherited) @executable_path/Frameworks @loader_path/Frameworks";
				PRODUCT_BUNDLE_IDENTIFIER = "pre-engineering.PreSniffObjcDemoTests";
				PRODUCT_NAME = "$(TARGET_NAME)";
				TEST_HOST = "$(BUILT_PRODUCTS_DIR)/PreSniffObjcDemo.app/PreSniffObjcDemo";
			};
			name = Debug;
		};
		B6548F3F1ECB0C7E0031DD42 /* Release */ = {
			isa = XCBuildConfiguration;
			buildSettings = {
				BUNDLE_LOADER = "$(TEST_HOST)";
				DEVELOPMENT_TEAM = GDFHW66V92;
				INFOPLIST_FILE = PreSniffObjcDemoTests/Info.plist;
				LD_RUNPATH_SEARCH_PATHS = "$(inherited) @executable_path/Frameworks @loader_path/Frameworks";
				PRODUCT_BUNDLE_IDENTIFIER = "pre-engineering.PreSniffObjcDemoTests";
				PRODUCT_NAME = "$(TARGET_NAME)";
				TEST_HOST = "$(BUILT_PRODUCTS_DIR)/PreSniffObjcDemo.app/PreSniffObjcDemo";
			};
			name = Release;
		};
/* End XCBuildConfiguration section */

/* Begin XCConfigurationList section */
		B602313F1EC9B7AC005AB798 /* Build configuration list for PBXProject "PreSniffObjcDemo" */ = {
			isa = XCConfigurationList;
			buildConfigurations = (
				B60231591EC9B7AC005AB798 /* Debug */,
				B602315A1EC9B7AC005AB798 /* Release */,
			);
			defaultConfigurationIsVisible = 0;
			defaultConfigurationName = Release;
		};
		B602315B1EC9B7AC005AB798 /* Build configuration list for PBXNativeTarget "PreSniffObjcDemo" */ = {
			isa = XCConfigurationList;
			buildConfigurations = (
				B602315C1EC9B7AC005AB798 /* Debug */,
				B602315D1EC9B7AC005AB798 /* Release */,
			);
			defaultConfigurationIsVisible = 0;
			defaultConfigurationName = Release;
		};
		B6548F3D1ECB0C7E0031DD42 /* Build configuration list for PBXNativeTarget "PreSniffObjcDemoTests" */ = {
			isa = XCConfigurationList;
			buildConfigurations = (
				B6548F3E1ECB0C7E0031DD42 /* Debug */,
				B6548F3F1ECB0C7E0031DD42 /* Release */,
			);
			defaultConfigurationIsVisible = 0;
		};
/* End XCConfigurationList section */
	};
	rootObject = B602313C1EC9B7AC005AB798 /* Project object */;
}
