PODS:
  - PreDemCocoa (2.1.1):
    - PreDemCocoa/Core (= 2.1.1)
  - PreDemCocoa/Core (2.1.1):
    - UICKeyChainStore
  - UICKeyChainStore (2.1.1)

DEPENDENCIES:
  - PreDemCocoa (from `../`)

EXTERNAL SOURCES:
  PreDemCocoa:
    :path: ../

SPEC CHECKSUMS:
  PreDemCocoa: 15d2fae2cb7a115ed6b6126fe4267247e4e874ab
  UICKeyChainStore: 239558492fa260531a0774cfc611ea83a6eaff3a

PODFILE CHECKSUM: 4a95a6f68106e8e8bff2d114e5209668ffc939f7

COCOAPODS: 1.4.0
