// !$*UTF8*$!
{
	archiveVersion = 1;
	classes = {
	};
	objectVersion = 46;
	objects = {

/* Begin PBXBuildFile section */
		0578628F1EB88A23003D49D6 /* PreSniffSDKDemoTests.m in Sources */ = {isa = PBXBuildFile; fileRef = 0578628E1EB88A23003D49D6 /* PreSniffSDKDemoTests.m */; };
		B683A5EF1E5C1827007F0459 /* main.m in Sources */ = {isa = PBXBuildFile; fileRef = B683A5EE1E5C1827007F0459 /* main.m */; };
		B683A5F21E5C1827007F0459 /* AppDelegate.m in Sources */ = {isa = PBXBuildFile; fileRef = B683A5F11E5C1827007F0459 /* AppDelegate.m */; };
		B683A5F51E5C1827007F0459 /* ViewController.m in Sources */ = {isa = PBXBuildFile; fileRef = B683A5F41E5C1827007F0459 /* ViewController.m */; };
		B683A5F81E5C1827007F0459 /* Main.storyboard in Resources */ = {isa = PBXBuildFile; fileRef = B683A5F61E5C1827007F0459 /* Main.storyboard */; };
		B683A5FA1E5C1827007F0459 /* Assets.xcassets in Resources */ = {isa = PBXBuildFile; fileRef = B683A5F91E5C1827007F0459 /* Assets.xcassets */; };
		B683A5FD1E5C1827007F0459 /* LaunchScreen.storyboard in Resources */ = {isa = PBXBuildFile; fileRef = B683A5FB1E5C1827007F0459 /* LaunchScreen.storyboard */; };
		B6998D321E5D8F5400538140 /* PreSniffSDK.framework in Frameworks */ = {isa = PBXBuildFile; fileRef = B683A61E1E5C185A007F0459 /* PreSniffSDK.framework */; };
		B6998D331E5D8F5400538140 /* PreSniffSDK.framework in Embed Frameworks */ = {isa = PBXBuildFile; fileRef = B683A61E1E5C185A007F0459 /* PreSniffSDK.framework */; settings = {ATTRIBUTES = (CodeSignOnCopy, RemoveHeadersOnCopy, ); }; };
/* End PBXBuildFile section */

/* Begin PBXContainerItemProxy section */
		057862911EB88A23003D49D6 /* PBXContainerItemProxy */ = {
			isa = PBXContainerItemProxy;
			containerPortal = B683A5E21E5C1827007F0459 /* Project object */;
			proxyType = 1;
			remoteGlobalIDString = B683A5E91E5C1827007F0459;
			remoteInfo = PreSniffSDKDemo;
		};
		B683A61D1E5C185A007F0459 /* PBXContainerItemProxy */ = {
			isa = PBXContainerItemProxy;
			containerPortal = B683A6191E5C185A007F0459 /* PreSniffSDK.xcodeproj */;
			proxyType = 2;
			remoteGlobalIDString = B683A60E1E5C1845007F0459;
			remoteInfo = PreSniffSDK;
		};
		B6998D2D1E5D8F4300538140 /* PBXContainerItemProxy */ = {
			isa = PBXContainerItemProxy;
			containerPortal = B6998D281E5D8F4300538140 /* Pods.xcodeproj */;
			proxyType = 2;
			remoteGlobalIDString = C4DCD1FE7D722C200C3B6B3599077FAF;
			remoteInfo = HappyDNS;
		};
		B6998D2F1E5D8F4300538140 /* PBXContainerItemProxy */ = {
			isa = PBXContainerItemProxy;
			containerPortal = B6998D281E5D8F4300538140 /* Pods.xcodeproj */;
			proxyType = 2;
			remoteGlobalIDString = B32695FF6F4BCC639958956BFEAC8AD9;
			remoteInfo = "Pods-PreSniffSDK";
		};
		B6998D341E5D8F5400538140 /* PBXContainerItemProxy */ = {
			isa = PBXContainerItemProxy;
			containerPortal = B683A6191E5C185A007F0459 /* PreSniffSDK.xcodeproj */;
			proxyType = 1;
			remoteGlobalIDString = B683A60D1E5C1845007F0459;
			remoteInfo = PreSniffSDK;
		};
/* End PBXContainerItemProxy section */

/* Begin PBXCopyFilesBuildPhase section */
		B6998D361E5D8F5400538140 /* Embed Frameworks */ = {
			isa = PBXCopyFilesBuildPhase;
			buildActionMask = 2147483647;
			dstPath = "";
			dstSubfolderSpec = 10;
			files = (
				B6998D331E5D8F5400538140 /* PreSniffSDK.framework in Embed Frameworks */,
			);
			name = "Embed Frameworks";
			runOnlyForDeploymentPostprocessing = 0;
		};
/* End PBXCopyFilesBuildPhase section */

/* Begin PBXFileReference section */
		0578628C1EB88A22003D49D6 /* PreSniffSDKDemoTests.xctest */ = {isa = PBXFileReference; explicitFileType = wrapper.cfbundle; includeInIndex = 0; path = PreSniffSDKDemoTests.xctest; sourceTree = BUILT_PRODUCTS_DIR; };
		0578628E1EB88A23003D49D6 /* PreSniffSDKDemoTests.m */ = {isa = PBXFileReference; lastKnownFileType = sourcecode.c.objc; path = PreSniffSDKDemoTests.m; sourceTree = "<group>"; };
		057862901EB88A23003D49D6 /* Info.plist */ = {isa = PBXFileReference; lastKnownFileType = text.plist.xml; path = Info.plist; sourceTree = "<group>"; };
		B683A5EA1E5C1827007F0459 /* PreSniffSDKDemo.app */ = {isa = PBXFileReference; explicitFileType = wrapper.application; includeInIndex = 0; path = PreSniffSDKDemo.app; sourceTree = BUILT_PRODUCTS_DIR; };
		B683A5EE1E5C1827007F0459 /* main.m */ = {isa = PBXFileReference; lastKnownFileType = sourcecode.c.objc; path = main.m; sourceTree = "<group>"; };
		B683A5F01E5C1827007F0459 /* AppDelegate.h */ = {isa = PBXFileReference; lastKnownFileType = sourcecode.c.h; path = AppDelegate.h; sourceTree = "<group>"; };
		B683A5F11E5C1827007F0459 /* AppDelegate.m */ = {isa = PBXFileReference; lastKnownFileType = sourcecode.c.objc; path = AppDelegate.m; sourceTree = "<group>"; };
		B683A5F31E5C1827007F0459 /* ViewController.h */ = {isa = PBXFileReference; lastKnownFileType = sourcecode.c.h; path = ViewController.h; sourceTree = "<group>"; };
		B683A5F41E5C1827007F0459 /* ViewController.m */ = {isa = PBXFileReference; lastKnownFileType = sourcecode.c.objc; path = ViewController.m; sourceTree = "<group>"; };
		B683A5F71E5C1827007F0459 /* Base */ = {isa = PBXFileReference; lastKnownFileType = file.storyboard; name = Base; path = Base.lproj/Main.storyboard; sourceTree = "<group>"; };
		B683A5F91E5C1827007F0459 /* Assets.xcassets */ = {isa = PBXFileReference; lastKnownFileType = folder.assetcatalog; path = Assets.xcassets; sourceTree = "<group>"; };
		B683A5FC1E5C1827007F0459 /* Base */ = {isa = PBXFileReference; lastKnownFileType = file.storyboard; name = Base; path = Base.lproj/LaunchScreen.storyboard; sourceTree = "<group>"; };
		B683A5FE1E5C1827007F0459 /* Info.plist */ = {isa = PBXFileReference; lastKnownFileType = text.plist.xml; path = Info.plist; sourceTree = "<group>"; };
		B683A6191E5C185A007F0459 /* PreSniffSDK.xcodeproj */ = {isa = PBXFileReference; lastKnownFileType = "wrapper.pb-project"; name = PreSniffSDK.xcodeproj; path = ../PreSniffSDK/PreSniffSDK.xcodeproj; sourceTree = "<group>"; };
		B6998D281E5D8F4300538140 /* Pods.xcodeproj */ = {isa = PBXFileReference; lastKnownFileType = "wrapper.pb-project"; name = Pods.xcodeproj; path = ../PreSniffSDK/Pods/Pods.xcodeproj; sourceTree = "<group>"; };
/* End PBXFileReference section */

/* Begin PBXFrameworksBuildPhase section */
		057862891EB88A22003D49D6 /* Frameworks */ = {
			isa = PBXFrameworksBuildPhase;
			buildActionMask = 2147483647;
			files = (
			);
			runOnlyForDeploymentPostprocessing = 0;
		};
		B683A5E71E5C1827007F0459 /* Frameworks */ = {
			isa = PBXFrameworksBuildPhase;
			buildActionMask = 2147483647;
			files = (
				B6998D321E5D8F5400538140 /* PreSniffSDK.framework in Frameworks */,
			);
			runOnlyForDeploymentPostprocessing = 0;
		};
/* End PBXFrameworksBuildPhase section */

/* Begin PBXGroup section */
		0578628D1EB88A23003D49D6 /* PreSniffSDKDemoTests */ = {
			isa = PBXGroup;
			children = (
				0578628E1EB88A23003D49D6 /* PreSniffSDKDemoTests.m */,
				057862901EB88A23003D49D6 /* Info.plist */,
			);
			path = PreSniffSDKDemoTests;
			sourceTree = "<group>";
		};
		B683A5E11E5C1827007F0459 = {
			isa = PBXGroup;
			children = (
				B6998D281E5D8F4300538140 /* Pods.xcodeproj */,
				B683A6191E5C185A007F0459 /* PreSniffSDK.xcodeproj */,
				B683A5EC1E5C1827007F0459 /* PreSniffSDKDemo */,
				0578628D1EB88A23003D49D6 /* PreSniffSDKDemoTests */,
				B683A5EB1E5C1827007F0459 /* Products */,
			);
			sourceTree = "<group>";
		};
		B683A5EB1E5C1827007F0459 /* Products */ = {
			isa = PBXGroup;
			children = (
				B683A5EA1E5C1827007F0459 /* PreSniffSDKDemo.app */,
				0578628C1EB88A22003D49D6 /* PreSniffSDKDemoTests.xctest */,
			);
			name = Products;
			sourceTree = "<group>";
		};
		B683A5EC1E5C1827007F0459 /* PreSniffSDKDemo */ = {
			isa = PBXGroup;
			children = (
				B683A5F01E5C1827007F0459 /* AppDelegate.h */,
				B683A5F11E5C1827007F0459 /* AppDelegate.m */,
				B683A5F31E5C1827007F0459 /* ViewController.h */,
				B683A5F41E5C1827007F0459 /* ViewController.m */,
				B683A5F61E5C1827007F0459 /* Main.storyboard */,
				B683A5F91E5C1827007F0459 /* Assets.xcassets */,
				B683A5FB1E5C1827007F0459 /* LaunchScreen.storyboard */,
				B683A5FE1E5C1827007F0459 /* Info.plist */,
				B683A5ED1E5C1827007F0459 /* Supporting Files */,
			);
			path = PreSniffSDKDemo;
			sourceTree = "<group>";
		};
		B683A5ED1E5C1827007F0459 /* Supporting Files */ = {
			isa = PBXGroup;
			children = (
				B683A5EE1E5C1827007F0459 /* main.m */,
			);
			name = "Supporting Files";
			sourceTree = "<group>";
		};
		B683A61A1E5C185A007F0459 /* Products */ = {
			isa = PBXGroup;
			children = (
				B683A61E1E5C185A007F0459 /* PreSniffSDK.framework */,
			);
			name = Products;
			sourceTree = "<group>";
		};
		B6998D291E5D8F4300538140 /* Products */ = {
			isa = PBXGroup;
			children = (
				B6998D2E1E5D8F4300538140 /* libHappyDNS.a */,
				B6998D301E5D8F4300538140 /* libPods-PreSniffSDK.a */,
			);
			name = Products;
			sourceTree = "<group>";
		};
/* End PBXGroup section */

/* Begin PBXNativeTarget section */
		0578628B1EB88A22003D49D6 /* PreSniffSDKDemoTests */ = {
			isa = PBXNativeTarget;
			buildConfigurationList = 057862971EB88A23003D49D6 /* Build configuration list for PBXNativeTarget "PreSniffSDKDemoTests" */;
			buildPhases = (
				057862881EB88A22003D49D6 /* Sources */,
				057862891EB88A22003D49D6 /* Frameworks */,
				0578628A1EB88A22003D49D6 /* Resources */,
			);
			buildRules = (
			);
			dependencies = (
				057862921EB88A23003D49D6 /* PBXTargetDependency */,
			);
			name = PreSniffSDKDemoTests;
			productName = PreSniffSDKDemoTests;
			productReference = 0578628C1EB88A22003D49D6 /* PreSniffSDKDemoTests.xctest */;
			productType = "com.apple.product-type.bundle.unit-test";
		};
		B683A5E91E5C1827007F0459 /* PreSniffSDKDemo */ = {
			isa = PBXNativeTarget;
			buildConfigurationList = B683A6011E5C1827007F0459 /* Build configuration list for PBXNativeTarget "PreSniffSDKDemo" */;
			buildPhases = (
				B683A5E61E5C1827007F0459 /* Sources */,
				B683A5E71E5C1827007F0459 /* Frameworks */,
				B683A5E81E5C1827007F0459 /* Resources */,
				B6998D361E5D8F5400538140 /* Embed Frameworks */,
			);
			buildRules = (
			);
			dependencies = (
				B6998D351E5D8F5400538140 /* PBXTargetDependency */,
			);
			name = PreSniffSDKDemo;
			productName = PreSniffSDKDemo;
			productReference = B683A5EA1E5C1827007F0459 /* PreSniffSDKDemo.app */;
			productType = "com.apple.product-type.application";
		};
/* End PBXNativeTarget section */

/* Begin PBXProject section */
		B683A5E21E5C1827007F0459 /* Project object */ = {
			isa = PBXProject;
			attributes = {
				LastUpgradeCheck = 0820;
				ORGANIZATIONNAME = "pre-engineering";
				TargetAttributes = {
					0578628B1EB88A22003D49D6 = {
						CreatedOnToolsVersion = 8.3.2;
						DevelopmentTeam = GDFHW66V92;
						ProvisioningStyle = Automatic;
						TestTargetID = B683A5E91E5C1827007F0459;
					};
					B683A5E91E5C1827007F0459 = {
						CreatedOnToolsVersion = 8.2.1;
						DevelopmentTeam = GDFHW66V92;
						ProvisioningStyle = Automatic;
					};
				};
			};
			buildConfigurationList = B683A5E51E5C1827007F0459 /* Build configuration list for PBXProject "PreSniffSDKDemo" */;
			compatibilityVersion = "Xcode 3.2";
			developmentRegion = English;
			hasScannedForEncodings = 0;
			knownRegions = (
				en,
				Base,
			);
			mainGroup = B683A5E11E5C1827007F0459;
			productRefGroup = B683A5EB1E5C1827007F0459 /* Products */;
			projectDirPath = "";
			projectReferences = (
				{
					ProductGroup = B6998D291E5D8F4300538140 /* Products */;
					ProjectRef = B6998D281E5D8F4300538140 /* Pods.xcodeproj */;
				},
				{
					ProductGroup = B683A61A1E5C185A007F0459 /* Products */;
					ProjectRef = B683A6191E5C185A007F0459 /* PreSniffSDK.xcodeproj */;
				},
			);
			projectRoot = "";
			targets = (
				B683A5E91E5C1827007F0459 /* PreSniffSDKDemo */,
				0578628B1EB88A22003D49D6 /* PreSniffSDKDemoTests */,
			);
		};
/* End PBXProject section */

/* Begin PBXReferenceProxy section */
		B683A61E1E5C185A007F0459 /* PreSniffSDK.framework */ = {
			isa = PBXReferenceProxy;
			fileType = wrapper.framework;
			path = PreSniffSDK.framework;
			remoteRef = B683A61D1E5C185A007F0459 /* PBXContainerItemProxy */;
			sourceTree = BUILT_PRODUCTS_DIR;
		};
		B6998D2E1E5D8F4300538140 /* libHappyDNS.a */ = {
			isa = PBXReferenceProxy;
			fileType = archive.ar;
			path = libHappyDNS.a;
			remoteRef = B6998D2D1E5D8F4300538140 /* PBXContainerItemProxy */;
			sourceTree = BUILT_PRODUCTS_DIR;
		};
		B6998D301E5D8F4300538140 /* libPods-PreSniffSDK.a */ = {
			isa = PBXReferenceProxy;
			fileType = archive.ar;
			path = "libPods-PreSniffSDK.a";
			remoteRef = B6998D2F1E5D8F4300538140 /* PBXContainerItemProxy */;
			sourceTree = BUILT_PRODUCTS_DIR;
		};
/* End PBXReferenceProxy section */

/* Begin PBXResourcesBuildPhase section */
		0578628A1EB88A22003D49D6 /* Resources */ = {
			isa = PBXResourcesBuildPhase;
			buildActionMask = 2147483647;
			files = (
			);
			runOnlyForDeploymentPostprocessing = 0;
		};
		B683A5E81E5C1827007F0459 /* Resources */ = {
			isa = PBXResourcesBuildPhase;
			buildActionMask = 2147483647;
			files = (
				B683A5FD1E5C1827007F0459 /* LaunchScreen.storyboard in Resources */,
				B683A5FA1E5C1827007F0459 /* Assets.xcassets in Resources */,
				B683A5F81E5C1827007F0459 /* Main.storyboard in Resources */,
			);
			runOnlyForDeploymentPostprocessing = 0;
		};
/* End PBXResourcesBuildPhase section */

/* Begin PBXSourcesBuildPhase section */
		057862881EB88A22003D49D6 /* Sources */ = {
			isa = PBXSourcesBuildPhase;
			buildActionMask = 2147483647;
			files = (
				0578628F1EB88A23003D49D6 /* PreSniffSDKDemoTests.m in Sources */,
			);
			runOnlyForDeploymentPostprocessing = 0;
		};
		B683A5E61E5C1827007F0459 /* Sources */ = {
			isa = PBXSourcesBuildPhase;
			buildActionMask = 2147483647;
			files = (
				B683A5F51E5C1827007F0459 /* ViewController.m in Sources */,
				B683A5F21E5C1827007F0459 /* AppDelegate.m in Sources */,
				B683A5EF1E5C1827007F0459 /* main.m in Sources */,
			);
			runOnlyForDeploymentPostprocessing = 0;
		};
/* End PBXSourcesBuildPhase section */

/* Begin PBXTargetDependency section */
		057862921EB88A23003D49D6 /* PBXTargetDependency */ = {
			isa = PBXTargetDependency;
			target = B683A5E91E5C1827007F0459 /* PreSniffSDKDemo */;
			targetProxy = 057862911EB88A23003D49D6 /* PBXContainerItemProxy */;
		};
		B6998D351E5D8F5400538140 /* PBXTargetDependency */ = {
			isa = PBXTargetDependency;
			name = PreSniffSDK;
			targetProxy = B6998D341E5D8F5400538140 /* PBXContainerItemProxy */;
		};
/* End PBXTargetDependency section */

/* Begin PBXVariantGroup section */
		B683A5F61E5C1827007F0459 /* Main.storyboard */ = {
			isa = PBXVariantGroup;
			children = (
				B683A5F71E5C1827007F0459 /* Base */,
			);
			name = Main.storyboard;
			sourceTree = "<group>";
		};
		B683A5FB1E5C1827007F0459 /* LaunchScreen.storyboard */ = {
			isa = PBXVariantGroup;
			children = (
				B683A5FC1E5C1827007F0459 /* Base */,
			);
			name = LaunchScreen.storyboard;
			sourceTree = "<group>";
		};
/* End PBXVariantGroup section */

/* Begin XCBuildConfiguration section */
		057862931EB88A23003D49D6 /* Debug */ = {
			isa = XCBuildConfiguration;
			buildSettings = {
				BUNDLE_LOADER = "$(TEST_HOST)";
				CLANG_ANALYZER_NUMBER_OBJECT_CONVERSION = YES_AGGRESSIVE;
				DEVELOPMENT_TEAM = GDFHW66V92;
				INFOPLIST_FILE = PreSniffSDKDemoTests/Info.plist;
				IPHONEOS_DEPLOYMENT_TARGET = 8.0;
				LD_RUNPATH_SEARCH_PATHS = "$(inherited) @executable_path/Frameworks @loader_path/Frameworks";
				PRODUCT_BUNDLE_IDENTIFIER = com.qiniu.PreSniffSDKDemoTests;
				PRODUCT_NAME = "$(TARGET_NAME)";
				TEST_HOST = "$(BUILT_PRODUCTS_DIR)/PreSniffSDKDemo.app/PreSniffSDKDemo";
			};
			name = Debug;
		};
		057862941EB88A23003D49D6 /* Release */ = {
			isa = XCBuildConfiguration;
			buildSettings = {
				BUNDLE_LOADER = "$(TEST_HOST)";
				CLANG_ANALYZER_NUMBER_OBJECT_CONVERSION = YES_AGGRESSIVE;
				DEVELOPMENT_TEAM = GDFHW66V92;
				INFOPLIST_FILE = PreSniffSDKDemoTests/Info.plist;
				IPHONEOS_DEPLOYMENT_TARGET = 8.0;
				LD_RUNPATH_SEARCH_PATHS = "$(inherited) @executable_path/Frameworks @loader_path/Frameworks";
				PRODUCT_BUNDLE_IDENTIFIER = com.qiniu.PreSniffSDKDemoTests;
				PRODUCT_NAME = "$(TARGET_NAME)";
				TEST_HOST = "$(BUILT_PRODUCTS_DIR)/PreSniffSDKDemo.app/PreSniffSDKDemo";
			};
			name = Release;
		};
		B683A5FF1E5C1827007F0459 /* Debug */ = {
			isa = XCBuildConfiguration;
			buildSettings = {
				ALWAYS_SEARCH_USER_PATHS = NO;
				CLANG_ANALYZER_NONNULL = YES;
				CLANG_CXX_LANGUAGE_STANDARD = "gnu++0x";
				CLANG_CXX_LIBRARY = "libc++";
				CLANG_ENABLE_MODULES = YES;
				CLANG_ENABLE_OBJC_ARC = YES;
				CLANG_WARN_BOOL_CONVERSION = YES;
				CLANG_WARN_CONSTANT_CONVERSION = YES;
				CLANG_WARN_DIRECT_OBJC_ISA_USAGE = YES_ERROR;
				CLANG_WARN_DOCUMENTATION_COMMENTS = YES;
				CLANG_WARN_EMPTY_BODY = YES;
				CLANG_WARN_ENUM_CONVERSION = YES;
				CLANG_WARN_INFINITE_RECURSION = YES;
				CLANG_WARN_INT_CONVERSION = YES;
				CLANG_WARN_OBJC_ROOT_CLASS = YES_ERROR;
				CLANG_WARN_SUSPICIOUS_MOVE = YES;
				CLANG_WARN_UNREACHABLE_CODE = YES;
				CLANG_WARN__DUPLICATE_METHOD_MATCH = YES;
				"CODE_SIGN_IDENTITY[sdk=iphoneos*]" = "iPhone Developer";
				COPY_PHASE_STRIP = NO;
				DEBUG_INFORMATION_FORMAT = dwarf;
				ENABLE_STRICT_OBJC_MSGSEND = YES;
				ENABLE_TESTABILITY = YES;
				GCC_C_LANGUAGE_STANDARD = gnu99;
				GCC_DYNAMIC_NO_PIC = NO;
				GCC_NO_COMMON_BLOCKS = YES;
				GCC_OPTIMIZATION_LEVEL = 0;
				GCC_PREPROCESSOR_DEFINITIONS = (
					"DEBUG=1",
					"$(inherited)",
				);
				GCC_WARN_64_TO_32_BIT_CONVERSION = YES;
				GCC_WARN_ABOUT_RETURN_TYPE = YES_ERROR;
				GCC_WARN_UNDECLARED_SELECTOR = YES;
				GCC_WARN_UNINITIALIZED_AUTOS = YES_AGGRESSIVE;
				GCC_WARN_UNUSED_FUNCTION = YES;
				GCC_WARN_UNUSED_VARIABLE = YES;
				IPHONEOS_DEPLOYMENT_TARGET = 8.0;
				MTL_ENABLE_DEBUG_INFO = YES;
				ONLY_ACTIVE_ARCH = YES;
				SDKROOT = iphoneos;
				TARGETED_DEVICE_FAMILY = "1,2";
			};
			name = Debug;
		};
		B683A6001E5C1827007F0459 /* Release */ = {
			isa = XCBuildConfiguration;
			buildSettings = {
				ALWAYS_SEARCH_USER_PATHS = NO;
				CLANG_ANALYZER_NONNULL = YES;
				CLANG_CXX_LANGUAGE_STANDARD = "gnu++0x";
				CLANG_CXX_LIBRARY = "libc++";
				CLANG_ENABLE_MODULES = YES;
				CLANG_ENABLE_OBJC_ARC = YES;
				CLANG_WARN_BOOL_CONVERSION = YES;
				CLANG_WARN_CONSTANT_CONVERSION = YES;
				CLANG_WARN_DIRECT_OBJC_ISA_USAGE = YES_ERROR;
				CLANG_WARN_DOCUMENTATION_COMMENTS = YES;
				CLANG_WARN_EMPTY_BODY = YES;
				CLANG_WARN_ENUM_CONVERSION = YES;
				CLANG_WARN_INFINITE_RECURSION = YES;
				CLANG_WARN_INT_CONVERSION = YES;
				CLANG_WARN_OBJC_ROOT_CLASS = YES_ERROR;
				CLANG_WARN_SUSPICIOUS_MOVE = YES;
				CLANG_WARN_UNREACHABLE_CODE = YES;
				CLANG_WARN__DUPLICATE_METHOD_MATCH = YES;
				"CODE_SIGN_IDENTITY[sdk=iphoneos*]" = "iPhone Developer";
				COPY_PHASE_STRIP = NO;
				DEBUG_INFORMATION_FORMAT = "dwarf-with-dsym";
				ENABLE_NS_ASSERTIONS = NO;
				ENABLE_STRICT_OBJC_MSGSEND = YES;
				GCC_C_LANGUAGE_STANDARD = gnu99;
				GCC_NO_COMMON_BLOCKS = YES;
				GCC_WARN_64_TO_32_BIT_CONVERSION = YES;
				GCC_WARN_ABOUT_RETURN_TYPE = YES_ERROR;
				GCC_WARN_UNDECLARED_SELECTOR = YES;
				GCC_WARN_UNINITIALIZED_AUTOS = YES_AGGRESSIVE;
				GCC_WARN_UNUSED_FUNCTION = YES;
				GCC_WARN_UNUSED_VARIABLE = YES;
				IPHONEOS_DEPLOYMENT_TARGET = 8.0;
				MTL_ENABLE_DEBUG_INFO = NO;
				SDKROOT = iphoneos;
				TARGETED_DEVICE_FAMILY = "1,2";
				VALIDATE_PRODUCT = YES;
			};
			name = Release;
		};
		B683A6021E5C1827007F0459 /* Debug */ = {
			isa = XCBuildConfiguration;
			buildSettings = {
				ASSETCATALOG_COMPILER_APPICON_NAME = AppIcon;
				DEVELOPMENT_TEAM = GDFHW66V92;
				HEADER_SEARCH_PATHS = ../PreSniffSDK;
				INFOPLIST_FILE = PreSniffSDKDemo/Info.plist;
				IPHONEOS_DEPLOYMENT_TARGET = 8.0;
				LD_RUNPATH_SEARCH_PATHS = "$(inherited) @executable_path/Frameworks";
				OTHER_LDFLAGS = "-ObjC";
				PRODUCT_BUNDLE_IDENTIFIER = "pre-engineering.PreSniffSDKDemo";
				PRODUCT_NAME = "$(TARGET_NAME)";
			};
			name = Debug;
		};
		B683A6031E5C1827007F0459 /* Release */ = {
			isa = XCBuildConfiguration;
			buildSettings = {
				ASSETCATALOG_COMPILER_APPICON_NAME = AppIcon;
				DEVELOPMENT_TEAM = GDFHW66V92;
				HEADER_SEARCH_PATHS = ../PreSniffSDK;
				INFOPLIST_FILE = PreSniffSDKDemo/Info.plist;
				IPHONEOS_DEPLOYMENT_TARGET = 8.0;
				LD_RUNPATH_SEARCH_PATHS = "$(inherited) @executable_path/Frameworks";
				OTHER_LDFLAGS = "-ObjC";
				PRODUCT_BUNDLE_IDENTIFIER = "pre-engineering.PreSniffSDKDemo";
				PRODUCT_NAME = "$(TARGET_NAME)";
			};
			name = Release;
		};
/* End XCBuildConfiguration section */

/* Begin XCConfigurationList section */
		057862971EB88A23003D49D6 /* Build configuration list for PBXNativeTarget "PreSniffSDKDemoTests" */ = {
			isa = XCConfigurationList;
			buildConfigurations = (
				057862931EB88A23003D49D6 /* Debug */,
				057862941EB88A23003D49D6 /* Release */,
			);
			defaultConfigurationIsVisible = 0;
			defaultConfigurationName = Release;
		};
		B683A5E51E5C1827007F0459 /* Build configuration list for PBXProject "PreSniffSDKDemo" */ = {
			isa = XCConfigurationList;
			buildConfigurations = (
				B683A5FF1E5C1827007F0459 /* Debug */,
				B683A6001E5C1827007F0459 /* Release */,
			);
			defaultConfigurationIsVisible = 0;
			defaultConfigurationName = Release;
		};
		B683A6011E5C1827007F0459 /* Build configuration list for PBXNativeTarget "PreSniffSDKDemo" */ = {
			isa = XCConfigurationList;
			buildConfigurations = (
				B683A6021E5C1827007F0459 /* Debug */,
				B683A6031E5C1827007F0459 /* Release */,
			);
			defaultConfigurationIsVisible = 0;
			defaultConfigurationName = Release;
		};
/* End XCConfigurationList section */
	};
	rootObject = B683A5E21E5C1827007F0459 /* Project object */;
}
